
Microsoft Visual Studio Solution File, Format Version 12.00
# Visual Studio Version 16
VisualStudioVersion = 16.0.31624.102
MinimumVisualStudioVersion = 10.0.40219.1
Project("{FAE04EC0-301F-11D3-BF4B-00C04F79EFBC}") = "WindowsFormsApp7", "WindowsFormsApp7\WindowsFormsApp7.csproj", "{DA03A11E-C4A3-4CF7-ABD8-4B1895C0B275}"
EndProject
Global
	GlobalSection(SolutionConfigurationPlatforms) = preSolution
		Debug|Any CPU = Debug|Any CPU
		Release|Any CPU = Release|Any CPU
	EndGlobalSection
	GlobalSection(ProjectConfigurationPlatforms) = postSolution
		{DA03A11E-C4A3-4CF7-ABD8-4B1895C0B275}.Debug|Any CPU.ActiveCfg = Debug|Any CPU
		{DA03A11E-C4A3-4CF7-ABD8-4B1895C0B275}.Debug|Any CPU.Build.0 = Debug|Any CPU
		{DA03A11E-C4A3-4CF7-ABD8-4B1895C0B275}.Release|Any CPU.ActiveCfg = Release|Any CPU
		{DA03A11E-C4A3-4CF7-ABD8-4B1895C0B275}.Release|Any CPU.Build.0 = Release|Any CPU
	EndGlobalSection
	GlobalSection(SolutionProperties) = preSolution
		HideSolutionNode = FALSE
	EndGlobalSection
	GlobalSection(ExtensibilityGlobals) = postSolution
		SolutionGuid = {0AAE4752-EFB5-4F1A-8D90-523E1AC96879}
	EndGlobalSection
EndGlobal
